{
  "name": "minimal-time-helpers",
  "version": "0.1.0",
  "lockfileVersion": 3,
  "requires": true,
  "packages": {
    "": {
      "name": "minimal-time-helpers",
      "version": "0.1.0",
      "license": "MIT",
      "dependencies": {
        "minimal-type-guard-helpers": "^0.3.0"
      },
      "devDependencies": {
        "@types/node": "^20.5.1"
      }
    },
    "node_modules/@types/node": {
      "version": "20.5.1",
      "resolved": "https://registry.npmjs.org/@types/node/-/node-20.5.1.tgz",
      "integrity": "sha512-4tT2UrL5LBqDwoed9wZ6N3umC4Yhz3W3FloMmiiG4JwmUJWpie0c7lcnUNd4gtMKuDEO4wRVS8B6Xa0uMRsMKg==",
      "dev": true
    },
    "node_modules/minimal-type-guard-helpers": {
      "version": "0.3.0",
      "resolved": "https://registry.npmjs.org/minimal-type-guard-helpers/-/minimal-type-guard-helpers-0.3.0.tgz",
      "integrity": "sha512-LaJtfGZbxw7yvXrfOtYA0YmzToHEGObUUTRP519DT+lbcvhu4oYFLQ7TPmhAIwhofnsY35duTTB7lVAcDeLWNQ==",
      "license": "MIT"
    }
  }
}
